hash: 30fda4a1c9a8410d5bdbebb99072b4cb863df90537fb9e4205e623e2a26c978e
updated: 2018-11-19T15:49:06.339084323+06:00
imports:
- name: cloud.google.com/go
  version: 74b12019e2aa53ec27882158f59192d7cd6d1998
  subpackages:
  - compute/metadata
- name: github.com/appscode/go
  version: a6d58457b39324ead2ffb1f24be7a0a638c9f112
  subpackages:
  - analytics
  - context
  - crypto/rand
  - crypto/ssh
  - encoding/yaml
  - env
  - flags
  - homedir
  - ioutil
  - log
  - log/golog
  - runtime
  - sets
  - strings
  - term
  - types
  - version
  - wait
- name: github.com/appscode/go-dns
  version: bd80385eb90659c917837aabe1bdbc0b8ec6f437
- name: github.com/appscode/go-hetzner
  version: c038e08b19b1c760484d443de8958880e35bd879
- name: github.com/appscode/go-version
  version: 7aba545c679b0f45679eeb406dc662d2c8a04c26
- name: github.com/appscode/kutil
  version: 68433ef84c41b2028786372f2a128932908f7124
  subpackages:
  - core/v1
  - tools/backup
- name: github.com/appscode/mergo
  version: 9f23e2d6bd2a77f959b2bf6acdbefd708a83a4a4
- name: github.com/aws/aws-sdk-go
  version: fde4ded7becdeae4d26bf1212916aabba79349b4
  subpackages:
  - aws
  - aws/awserr
  - aws/awsutil
  - aws/client
  - aws/client/metadata
  - aws/corehandlers
  - aws/credentials
  - aws/credentials/ec2rolecreds
  - aws/credentials/endpointcreds
  - aws/credentials/stscreds
  - aws/csm
  - aws/defaults
  - aws/ec2metadata
  - aws/endpoints
  - aws/request
  - aws/session
  - aws/signer/v4
  - internal/sdkio
  - internal/sdkrand
  - internal/shareddefaults
  - private/protocol
  - private/protocol/ec2query
  - private/protocol/eventstream
  - private/protocol/eventstream/eventstreamapi
  - private/protocol/json/jsonutil
  - private/protocol/jsonrpc
  - private/protocol/query
  - private/protocol/query/queryutil
  - private/protocol/rest
  - private/protocol/restjson
  - private/protocol/restxml
  - private/protocol/xml/xmlutil
  - service/autoscaling
  - service/cloudformation
  - service/ec2
  - service/eks
  - service/elb
  - service/iam
  - service/lightsail
  - service/s3
  - service/s3/s3iface
  - service/s3/s3manager
  - service/sts
- name: github.com/Azure/azure-sdk-for-go
  version: 520918e6c8e8e1064154f51d13e02fad92b287b8
  subpackages:
  - profiles/2017-03-09/resources/mgmt/subscriptions
  - profiles/latest/authorization/mgmt/authorization
  - profiles/latest/containerservice/mgmt/containerservice
  - profiles/latest/graphrbac/graphrbac
  - profiles/preview/preview/apimanagement/mgmt/apimanagement
  - services/authorization/mgmt/2015-07-01/authorization
  - services/compute/mgmt/2017-12-01/compute
  - services/containerservice/mgmt/2017-09-30/containerservice
  - services/graphrbac/1.6/graphrbac
  - services/network/mgmt/2017-09-01/network
  - services/preview/apimanagement/mgmt/2018-06-01-preview/apimanagement
  - services/resources/mgmt/2016-06-01/subscriptions
  - services/resources/mgmt/2017-05-10/resources
  - services/storage/mgmt/2017-10-01/storage
  - storage
  - version
- name: github.com/Azure/go-ansiterm
  version: d6e3b3328b783f23731bc4d058875b0371ff8109
  subpackages:
  - winterm
- name: github.com/Azure/go-autorest
  version: bca49d5b51a50dc5bb17bbf6204c711c6dbded06
  subpackages:
  - autorest
  - autorest/adal
  - autorest/azure
  - autorest/date
  - autorest/to
  - autorest/validation
  - version
- name: github.com/cenkalti/backoff
  version: 61153c768f31ee5f130071d08fc82b85208528de
- name: github.com/chai2010/gettext-go
  version: c6fed771bfd517099caf0f7a961671fa8ed08723
  subpackages:
  - gettext
  - gettext/mo
  - gettext/plural
  - gettext/po
- name: github.com/cpuguy83/go-md2man
  version: 20f5889cbdc3c73dbd2862796665e7c465ade7d1
  subpackages:
  - md2man
- name: github.com/creack/goselect
  version: 40085cf5fd629ccd88dc328895f1f137d09a1de4
- name: github.com/davecgh/go-spew
  version: 8991bc29aa16c548c550c7ff78260e27b9ab7c73
  subpackages:
  - spew
- name: github.com/daviddengcn/go-colortext
  version: 511bcaf42ccd42c38aba7427b6673277bf19e2a1
- name: github.com/dgrijalva/jwt-go
  version: 01aeca54ebda6e0fbfafd0a524d234159c05ec20
- name: github.com/digitalocean/godo
  version: 51f18c0e42941703dc13d15bc0ad69aef6a49830
- name: github.com/docker/distribution
  version: edc3ab29cdff8694dd6feb85cfeb4b5f1b38ed9c
  subpackages:
  - digestset
  - reference
- name: github.com/docker/docker
  version: a9fbbdc8dd8794b20af358382ab780559bca589d
  subpackages:
  - api/types
  - api/types/blkiodev
  - api/types/container
  - api/types/filters
  - api/types/mount
  - api/types/network
  - api/types/registry
  - api/types/strslice
  - api/types/swarm
  - api/types/swarm/runtime
  - api/types/versions
  - pkg/namesgenerator
  - pkg/term
  - pkg/term/windows
- name: github.com/docker/go-connections
  version: 3ede32e2033de7505e6500d6c868c2b9ed9f169d
  subpackages:
  - nat
  - sockets
  - tlsconfig
- name: github.com/docker/go-units
  version: 9e638d38cf6977a37a8ea0078f3ee75a7cdb2dd1
- name: github.com/docker/spdystream
  version: 449fdfce4d962303d702fec724ef0ad181c92528
  subpackages:
  - spdy
- name: github.com/dustin/go-humanize
  version: f3565c9525600a911af3bd34f8b535ea81b2a9e0
- name: github.com/evanphx/json-patch
  version: 36442dbdb585210f8d5a1b45e67aa323c197d5c4
- name: github.com/exponent-io/jsonpath
  version: d6023ce2651d8eafb5c75bb0c7167536102ec9f5
- name: github.com/fatih/camelcase
  version: f6a740d52f961c60348ebb109adde9f4635d7540
- name: github.com/fatih/color
  version: 9aae6aaa22315390f03959adca2c4d395b02fcef
- name: github.com/fsnotify/fsnotify
  version: f12c6236fe7b5cf6bcf30e5935d08cb079d78334
- name: github.com/ghodss/yaml
  version: 0ca9ea5df5451ffdf184b4428c902747c2c11cd7
- name: github.com/go-ini/ini
  version: 300e940a926eb277d3901b20bdfcc54928ad3642
- name: github.com/go-openapi/jsonpointer
  version: 46af16f9f7b149af66e5d1bd010e3574dc06de98
- name: github.com/go-openapi/jsonreference
  version: 13c6e3589ad90f49bd3e3bbe2c2cb3d7a4142272
- name: github.com/go-openapi/spec
  version: 1de3e0542de65ad8d75452a595886fdd0befb363
- name: github.com/go-openapi/swag
  version: f3f9494671f93fcff853e3c6e9e948b3eb71e590
- name: github.com/go-xorm/builder
  version: db75972580de4a7c6c20fff5b16a924c3de3fa12
- name: github.com/go-xorm/core
  version: c10e21e7e1cec20e09398f2dfae385e58c8df555
- name: github.com/go-xorm/xorm
  version: d85bb4911c725a53b135fc12862748a41b6c07da
- name: github.com/gogo/protobuf
  version: 7d68e886eac4f7e34d0d82241a6273d6c304c5cf
  subpackages:
  - gogoproto
  - proto
  - protoc-gen-gogo/descriptor
  - sortkeys
- name: github.com/golang/glog
  version: 44145f04b68cf362d9c4df2182967c2275eaefed
- name: github.com/golang/groupcache
  version: 02826c3e79038b59d737d3b1c0a1d937f71a4433
  subpackages:
  - lru
- name: github.com/golang/protobuf
  version: b4deda0973fb4c70b50d226b1af49f3da59f5265
  subpackages:
  - jsonpb
  - proto
  - ptypes
  - ptypes/any
  - ptypes/duration
  - ptypes/struct
  - ptypes/timestamp
- name: github.com/google/btree
  version: 7d79101e329e5a3adf994758c578dab82b90c017
- name: github.com/google/go-querystring
  version: 53e6ce116135b80d037921a7fdd5138cf32d7a8a
  subpackages:
  - query
- name: github.com/google/gofuzz
  version: 44d81051d367757e1c7c6a5a86423ece9afcf63c
- name: github.com/google/uuid
  version: 8c31c18f31ede9fc8eae72290a7e7a8064e9b3e3
- name: github.com/googleapis/gnostic
  version: 0c5108395e2debce0d731cf0287ddf7242066aba
  subpackages:
  - OpenAPIv2
  - compiler
  - extensions
- name: github.com/gophercloud/gophercloud
  version: 781450b3c4fcb4f5182bcc5133adb4b2e4a09d1d
  subpackages:
  - openstack
  - openstack/compute/v2/extensions/keypairs
  - openstack/compute/v2/extensions/secgroups
  - openstack/compute/v2/flavors
  - openstack/compute/v2/images
  - openstack/compute/v2/servers
  - openstack/identity/v2/tenants
  - openstack/identity/v2/tokens
  - openstack/identity/v3/tokens
  - openstack/networking/v2/networks
  - openstack/utils
  - pagination
- name: github.com/gorilla/websocket
  version: 2d1e4548da234d9cb742cc3628556fef86aafbac
- name: github.com/graymeta/stow
  version: 1849a82ac7fbd3e5cb144bcc711544e90903eac4
  repo: https://github.com/appscode/stow.git
  vcs: git
  subpackages:
  - azure
  - google
  - local
  - s3
  - swift
- name: github.com/gregjones/httpcache
  version: 787624de3eb7bd915c329cba748687a3b22666a6
  subpackages:
  - diskcache
- name: github.com/grpc-ecosystem/grpc-gateway
  version: 222f010658cca4619115dfe10279480c6621001e
  repo: https://github.com/appscode/grpc-gateway.git
  vcs: git
- name: github.com/hashicorp/golang-lru
  version: a0d98a5f288019575c6d1f4bb1573fef2d1fcdc4
  subpackages:
  - simplelru
- name: github.com/howeyc/gopass
  version: bf9dde6d0d2c004a008c27aaee91170c786f6db8
- name: github.com/imdario/mergo
  version: 9316a62528ac99aaecb4e47eadd6dc8aa6533d58
- name: github.com/inconshreveable/mousetrap
  version: 76626ae9c91c4f2a10f34cad8ce83ea42c93bb75
- name: github.com/JamesClonk/vultr
  version: fa1c0367800db75e4d10d0ec90c49a8731670224
  subpackages:
  - lib
- name: github.com/jmespath/go-jmespath
  version: 0b12d6b521d83fc7f755e7cfc1b1fbdd35a01a74
- name: github.com/jonboulle/clockwork
  version: 72f9bd7c4e0c2a40055ab3d0f09654f730cce982
- name: github.com/jpillora/go-ogle-analytics
  version: 14b04e0594ef6a9fd943363b135656f0ec8c9d0e
- name: github.com/json-iterator/go
  version: 1624edc4454b8682399def8740d46db5e4362ba4
- name: github.com/juju/ratelimit
  version: 77ed1c8a01217656d2080ad51981f6e99adaa177
- name: github.com/lib/pq
  version: 88edab0803230a3898347e77b474f8c1820a1f20
  subpackages:
  - oid
- name: github.com/mailru/easyjson
  version: 2f5df55504ebc322e4d52d34df6a1f5b503bf26d
  subpackages:
  - buffer
  - jlexer
  - jwriter
- name: github.com/MakeNowJust/heredoc
  version: bb23615498cded5e105af4ce27de75b089cbe851
- name: github.com/marstr/guid
  version: 8bdf7d1a087ccc975cf37dd6507da50698fd19ca
- name: github.com/mattn/go-colorable
  version: ed8eb9e318d7a84ce5915b495b7d35e0cfe7b5a8
- name: github.com/mattn/go-isatty
  version: 66b8e73f3f5cda9f96b69efd03dd3d7fc4a5cdb8
- name: github.com/mgutz/ansi
  version: 9520e82c474b0a04dd04f8a40959027271bab992
- name: github.com/mgutz/str
  version: 968bf66e3da857419e4f6e71b2d5c9ae95682dc4
- name: github.com/mitchellh/go-wordwrap
  version: ad45545899c7b13c020ea92b2072220eefad42b8
- name: github.com/moby/moby
  version: e6b56ffed794086ffe1207b20bde0766b5915eb4
  subpackages:
  - pkg/term
- name: github.com/modern-go/concurrent
  version: bacd9c7ef1dd9b15be4a9909b8ac7a4e313eec94
- name: github.com/modern-go/reflect2
  version: 05fbef0ca5da472bbf96c9322b84a53edc03c9fd
- name: github.com/moul/anonuuid
  version: 609b752a95effbbef26d134ac18ed6f57e01b98e
- name: github.com/moul/gotty-client
  version: c1b82f1af3ebb2febba268415cb1c90686078f80
- name: github.com/mxk/go-flowrate
  version: cca7078d478f8520f85629ad7c68962d31ed7682
  subpackages:
  - flowrate
- name: github.com/ncw/swift
  version: 6f342da371d063863f2f354f183e4ab0ef72d287
- name: github.com/onsi/ginkgo
  version: fa5fabab2a1bfbd924faf4c067d07ae414e2aedf
  subpackages:
  - config
  - internal/codelocation
  - internal/containernode
  - internal/failer
  - internal/leafnodes
  - internal/remote
  - internal/spec
  - internal/spec_iterator
  - internal/specrunner
  - internal/suite
  - internal/testingtproxy
  - internal/writer
  - reporters
  - reporters/stenographer
  - reporters/stenographer/support/go-colorable
  - reporters/stenographer/support/go-isatty
  - types
- name: github.com/onsi/gomega
  version: 62bff4df71bdbc266561a0caee19f0594b17c240
  subpackages:
  - format
  - internal/assertion
  - internal/asyncassertion
  - internal/oraclematcher
  - internal/testingtsupport
  - matchers
  - matchers/support/goraph/bipartitegraph
  - matchers/support/goraph/edge
  - matchers/support/goraph/node
  - matchers/support/goraph/util
  - types
- name: github.com/opencontainers/go-digest
  version: a6d0ee40d4207ea02364bd3b9e8e77b9159ba1eb
- name: github.com/opencontainers/image-spec
  version: 372ad780f63454fbbbbcc7cf80e5b90245c13e13
  subpackages:
  - specs-go
  - specs-go/v1
- name: github.com/packethost/packngo
  version: c46dea9250a435fbe427064629fa6f34bc6f2c4c
- name: github.com/pborman/uuid
  version: e790cca94e6cc75c7064b1332e63811d4aae1a53
- name: github.com/peterbourgon/diskv
  version: 5f041e8faa004a95c88a202771f4cc3e991971e6
- name: github.com/pkg/errors
  version: 645ef00459ed84a119197bfb8d8205042c6df63d
- name: github.com/PuerkitoBio/purell
  version: 8a290539e2e8629dbc4e6bad948158f790ec31f4
- name: github.com/PuerkitoBio/urlesc
  version: 5bd2802263f21d8788851d5305584c82a5c75d7e
- name: github.com/renier/xmlrpc
  version: ce4a1a486c03a3c6e1816df25b8c559d1879d380
- name: github.com/renstrom/dedent
  version: 020d11c3b9c0c7a3c2efcc8e5cf5b9ef7bcea21f
- name: github.com/renstrom/fuzzysearch
  version: 2d205ac6ec17a839a94bdbfd16d2fa6c6dada2e0
  subpackages:
  - fuzzy
- name: github.com/russross/blackfriday
  version: 300106c228d52c8941d4b3de6054a6062a86dda3
- name: github.com/satori/go.uuid
  version: f58768cc1a7a7e77a3bd49e98cdd21419399b6a3
- name: github.com/scaleway/scaleway-cli
  version: 0087e98352b955be176bb679fe214ba5f204bc3d
  subpackages:
  - pkg/api
  - pkg/sshcommand
  - pkg/utils
- name: github.com/shurcooL/sanitized_anchor_name
  version: 10ef21a441db47d8b13ebcc5fd2310f636973c77
- name: github.com/sirupsen/logrus
  version: 89742aefa4b206dcf400792f3bd35b542998eb3b
- name: github.com/skratchdot/open-golang
  version: 75fb7ed4208cf72d323d7d02fd1a5964a7a9073c
  subpackages:
  - open
- name: github.com/softlayer/softlayer-go
  version: 82a74c5bf7ff93d32be01ebd603a266b0119a4b7
  subpackages:
  - config
  - datatypes
  - services
  - session
  - sl
- name: github.com/spf13/cobra
  version: ef82de70bb3f60c65fb8eebacbb2d122ef517385
  subpackages:
  - doc
- name: github.com/spf13/pflag
  version: 298182f68c66c05229eb03ac171abe6e309ee79a
- name: github.com/taoh/linodego
  version: d85493a2eaad404c21b1582ce1dc75e745a4ead5
  repo: https://github.com/appscode/linodego.git
  vcs: git
- name: github.com/tent/http-link-go
  version: ac974c61c2f990f4115b119354b5e0b47550e888
- name: golang.org/x/crypto
  version: de0752318171da717af4ce24d0a2e8626afaeb11
  subpackages:
  - curve25519
  - ed25519
  - ed25519/internal/edwards25519
  - internal/chacha20
  - internal/subtle
  - poly1305
  - ssh
  - ssh/terminal
- name: golang.org/x/net
  version: 1c05540f6879653db88113bc4a2b70aec4bd491f
  subpackages:
  - context
  - context/ctxhttp
  - html
  - html/atom
  - html/charset
  - http2
  - http2/hpack
  - idna
  - lex/httplex
- name: golang.org/x/oauth2
  version: a6bd8cefa1811bd24b86f8902872e4e8225f74c4
  subpackages:
  - google
  - internal
  - jws
  - jwt
- name: golang.org/x/sync
  version: 42b317875d0fa942474b76e1b46a6060d720ae6e
  subpackages:
  - errgroup
- name: golang.org/x/sys
  version: 95c6576299259db960f6c5b9b69ea52422860fce
  subpackages:
  - unix
  - windows
- name: golang.org/x/text
  version: b19bf474d317b857955b12035d2c5acb57ce8b01
  subpackages:
  - cases
  - encoding
  - encoding/charmap
  - encoding/htmlindex
  - encoding/internal
  - encoding/internal/identifier
  - encoding/japanese
  - encoding/korean
  - encoding/simplifiedchinese
  - encoding/traditionalchinese
  - encoding/unicode
  - internal
  - internal/tag
  - internal/utf8internal
  - language
  - runes
  - secure/bidirule
  - secure/precis
  - transform
  - unicode/bidi
  - unicode/norm
  - width
- name: golang.org/x/time
  version: f51c12702a4d776e4c1fa9b0fabab841babae631
  subpackages:
  - rate
- name: google.golang.org/api
  version: 3639d6d93f377f39a1de765fa4ef37b3c7ca8bd9
  subpackages:
  - cloudresourcemanager/v1
  - compute/v1
  - container/v1
  - gensupport
  - googleapi
  - googleapi/internal/uritemplates
  - iam/v1
  - replicapoolupdater/v1beta1
  - storage/v1
- name: google.golang.org/appengine
  version: 4f7eeb5305a4ba1966344836ba4af9996b7b4e05
  subpackages:
  - internal
  - internal/app_identity
  - internal/base
  - internal/datastore
  - internal/log
  - internal/modules
  - internal/remote_api
  - internal/urlfetch
  - urlfetch
- name: google.golang.org/grpc
  version: 6b51017f791ae1cfbec89c52efdf444b13b550ef
- name: gopkg.in/AlecAivazis/survey.v1
  version: 17861e192dc11fd2f5081df1932c94cce262fa1e
  subpackages:
  - core
  - terminal
- name: gopkg.in/inf.v0
  version: 3887ee99ecf07df5b447e9b00d9c0b2adaa9f3e4
- name: gopkg.in/ini.v1
  version: 06f5f3d67269ccec1fe5fe4134ba6e982984f7f5
- name: gopkg.in/square/go-jose.v2
  version: 89060dee6a84df9a4dae49f676f0c755037834f1
  subpackages:
  - cipher
  - json
  - jwt
- name: gopkg.in/yaml.v2
  version: 670d4cfef0544295bc27a114dbac37980d83185a
- name: k8s.io/api
  version: fd83cbc87e7632ccd8bbab63d2b673d4e0c631cc
  subpackages:
  - admission/v1beta1
  - admissionregistration/v1alpha1
  - admissionregistration/v1beta1
  - apps/v1
  - apps/v1beta1
  - apps/v1beta2
  - authentication/v1
  - authentication/v1beta1
  - authorization/v1
  - authorization/v1beta1
  - autoscaling/v1
  - autoscaling/v2beta1
  - autoscaling/v2beta2
  - batch/v1
  - batch/v1beta1
  - batch/v2alpha1
  - certificates/v1beta1
  - coordination/v1beta1
  - core/v1
  - events/v1beta1
  - extensions/v1beta1
  - imagepolicy/v1alpha1
  - networking/v1
  - policy/v1beta1
  - rbac/v1
  - rbac/v1alpha1
  - rbac/v1beta1
  - scheduling/v1alpha1
  - scheduling/v1beta1
  - settings/v1alpha1
  - storage/v1
  - storage/v1alpha1
  - storage/v1beta1
- name: k8s.io/apiextensions-apiserver
  version: 1748dfb29e8a4432b78514bc88a1b07937a9805a
  subpackages:
  - pkg/apis/apiextensions
  - pkg/apis/apiextensions/v1beta1
  - pkg/features
- name: k8s.io/apimachinery
  version: 00edbc532482e56a75224c794deaa1366dd292cb
  repo: https://github.com/kmodules/apimachinery.git
  vcs: git
  subpackages:
  - pkg/api/equality
  - pkg/api/errors
  - pkg/api/meta
  - pkg/api/resource
  - pkg/api/validation
  - pkg/api/validation/path
  - pkg/apis/config
  - pkg/apis/config/v1alpha1
  - pkg/apis/meta/internalversion
  - pkg/apis/meta/v1
  - pkg/apis/meta/v1/unstructured
  - pkg/apis/meta/v1/unstructured/unstructuredscheme
  - pkg/apis/meta/v1/validation
  - pkg/apis/meta/v1beta1
  - pkg/conversion
  - pkg/conversion/queryparams
  - pkg/fields
  - pkg/labels
  - pkg/runtime
  - pkg/runtime/schema
  - pkg/runtime/serializer
  - pkg/runtime/serializer/json
  - pkg/runtime/serializer/protobuf
  - pkg/runtime/serializer/recognizer
  - pkg/runtime/serializer/streaming
  - pkg/runtime/serializer/versioning
  - pkg/selection
  - pkg/types
  - pkg/util/cache
  - pkg/util/clock
  - pkg/util/diff
  - pkg/util/duration
  - pkg/util/errors
  - pkg/util/framer
  - pkg/util/httpstream
  - pkg/util/httpstream/spdy
  - pkg/util/intstr
  - pkg/util/json
  - pkg/util/jsonmergepatch
  - pkg/util/mergepatch
  - pkg/util/naming
  - pkg/util/net
  - pkg/util/proxy
  - pkg/util/rand
  - pkg/util/remotecommand
  - pkg/util/runtime
  - pkg/util/sets
  - pkg/util/strategicpatch
  - pkg/util/uuid
  - pkg/util/validation
  - pkg/util/validation/field
  - pkg/util/wait
  - pkg/util/yaml
  - pkg/version
  - pkg/watch
  - third_party/forked/golang/json
  - third_party/forked/golang/netutil
  - third_party/forked/golang/reflect
- name: k8s.io/apiserver
  version: e85ad7b666fef0476185731329f4cff1536efff8
  subpackages:
  - pkg/admission
  - pkg/admission/configuration
  - pkg/admission/initializer
  - pkg/admission/metrics
  - pkg/admission/plugin/initialization
  - pkg/admission/plugin/namespace/lifecycle
  - pkg/admission/plugin/webhook/config
  - pkg/admission/plugin/webhook/config/apis/webhookadmission
  - pkg/admission/plugin/webhook/config/apis/webhookadmission/v1alpha1
  - pkg/admission/plugin/webhook/errors
  - pkg/admission/plugin/webhook/generic
  - pkg/admission/plugin/webhook/mutating
  - pkg/admission/plugin/webhook/namespace
  - pkg/admission/plugin/webhook/request
  - pkg/admission/plugin/webhook/rules
  - pkg/admission/plugin/webhook/util
  - pkg/admission/plugin/webhook/validating
  - pkg/apis/apiserver
  - pkg/apis/apiserver/install
  - pkg/apis/apiserver/v1alpha1
  - pkg/apis/audit
  - pkg/apis/audit/install
  - pkg/apis/audit/v1
  - pkg/apis/audit/v1alpha1
  - pkg/apis/audit/v1beta1
  - pkg/apis/audit/validation
  - pkg/audit
  - pkg/audit/policy
  - pkg/authentication/authenticator
  - pkg/authentication/authenticatorfactory
  - pkg/authentication/group
  - pkg/authentication/request/anonymous
  - pkg/authentication/request/bearertoken
  - pkg/authentication/request/headerrequest
  - pkg/authentication/request/union
  - pkg/authentication/request/websocket
  - pkg/authentication/request/x509
  - pkg/authentication/serviceaccount
  - pkg/authentication/token/tokenfile
  - pkg/authentication/user
  - pkg/authorization/authorizer
  - pkg/authorization/authorizerfactory
  - pkg/authorization/path
  - pkg/authorization/union
  - pkg/endpoints
  - pkg/endpoints/discovery
  - pkg/endpoints/filters
  - pkg/endpoints/handlers
  - pkg/endpoints/handlers/negotiation
  - pkg/endpoints/handlers/responsewriters
  - pkg/endpoints/metrics
  - pkg/endpoints/openapi
  - pkg/endpoints/request
  - pkg/features
  - pkg/registry/generic
  - pkg/registry/generic/registry
  - pkg/registry/generic/testing
  - pkg/registry/rest
  - pkg/registry/rest/resttest
  - pkg/server
  - pkg/server/filters
  - pkg/server/healthz
  - pkg/server/httplog
  - pkg/server/mux
  - pkg/server/options
  - pkg/server/resourceconfig
  - pkg/server/routes
  - pkg/server/routes/data/swagger
  - pkg/server/storage
  - pkg/storage
  - pkg/storage/cacher
  - pkg/storage/errors
  - pkg/storage/etcd
  - pkg/storage/etcd/etcdtest
  - pkg/storage/etcd/metrics
  - pkg/storage/etcd/testing
  - pkg/storage/etcd/testing/testingcert
  - pkg/storage/etcd/util
  - pkg/storage/etcd3
  - pkg/storage/names
  - pkg/storage/storagebackend
  - pkg/storage/storagebackend/factory
  - pkg/storage/testing
  - pkg/storage/value
  - pkg/util/dryrun
  - pkg/util/feature
  - pkg/util/flag
  - pkg/util/flushwriter
  - pkg/util/logs
  - pkg/util/openapi
  - pkg/util/trace
  - pkg/util/webhook
  - pkg/util/wsstream
  - plugin/pkg/audit/buffered
  - plugin/pkg/audit/log
  - plugin/pkg/audit/truncate
  - plugin/pkg/audit/webhook
  - plugin/pkg/authenticator/token/webhook
  - plugin/pkg/authorizer/webhook
- name: k8s.io/cli-runtime
  version: 79bf4e0b64544d8c490247abae089bea572ddae6
  subpackages:
  - pkg/genericclioptions
  - pkg/genericclioptions/printers
  - pkg/genericclioptions/resource
- name: k8s.io/client-go
  version: 1638f8970cefaa404ff3a62950f88b08292b2696
  subpackages:
  - deprecated-dynamic
  - discovery
  - dynamic
  - kubernetes
  - kubernetes/scheme
  - kubernetes/typed/admissionregistration/v1alpha1
  - kubernetes/typed/admissionregistration/v1beta1
  - kubernetes/typed/apps/v1
  - kubernetes/typed/apps/v1beta1
  - kubernetes/typed/apps/v1beta2
  - kubernetes/typed/authentication/v1
  - kubernetes/typed/authentication/v1beta1
  - kubernetes/typed/authorization/v1
  - kubernetes/typed/authorization/v1beta1
  - kubernetes/typed/autoscaling/v1
  - kubernetes/typed/autoscaling/v2beta1
  - kubernetes/typed/autoscaling/v2beta2
  - kubernetes/typed/batch/v1
  - kubernetes/typed/batch/v1beta1
  - kubernetes/typed/batch/v2alpha1
  - kubernetes/typed/certificates/v1beta1
  - kubernetes/typed/coordination/v1beta1
  - kubernetes/typed/core/v1
  - kubernetes/typed/events/v1beta1
  - kubernetes/typed/extensions/v1beta1
  - kubernetes/typed/networking/v1
  - kubernetes/typed/policy/v1beta1
  - kubernetes/typed/rbac/v1
  - kubernetes/typed/rbac/v1alpha1
  - kubernetes/typed/rbac/v1beta1
  - kubernetes/typed/scheduling/v1alpha1
  - kubernetes/typed/scheduling/v1beta1
  - kubernetes/typed/settings/v1alpha1
  - kubernetes/typed/storage/v1
  - kubernetes/typed/storage/v1alpha1
  - kubernetes/typed/storage/v1beta1
  - pkg/apis/clientauthentication
  - pkg/apis/clientauthentication/v1alpha1
  - pkg/apis/clientauthentication/v1beta1
  - pkg/version
  - plugin/pkg/client/auth
  - plugin/pkg/client/auth/azure
  - plugin/pkg/client/auth/exec
  - plugin/pkg/client/auth/gcp
  - plugin/pkg/client/auth/oidc
  - plugin/pkg/client/auth/openstack
  - rest
  - rest/watch
  - restmapper
  - scale
  - scale/scheme
  - scale/scheme/appsint
  - scale/scheme/appsv1beta1
  - scale/scheme/appsv1beta2
  - scale/scheme/autoscalingv1
  - scale/scheme/extensionsint
  - scale/scheme/extensionsv1beta1
  - third_party/forked/golang/template
  - tools/auth
  - tools/bootstrap/token/api
  - tools/bootstrap/token/util
  - tools/cache
  - tools/clientcmd
  - tools/clientcmd/api
  - tools/clientcmd/api/latest
  - tools/clientcmd/api/v1
  - tools/metrics
  - tools/pager
  - tools/portforward
  - tools/record
  - tools/reference
  - tools/remotecommand
  - tools/watch
  - transport
  - transport/spdy
  - util/buffer
  - util/cert
  - util/connrotation
  - util/exec
  - util/flowcontrol
  - util/homedir
  - util/integer
  - util/jsonpath
  - util/retry
- name: k8s.io/kube-openapi
  version: 0cf8f7e6ed1d2e3d47d02e3b6e559369af24d803
  subpackages:
  - pkg/util/proto
  - pkg/util/proto/validation
- name: k8s.io/kube-proxy
  version: 7282faaeb68874ae13c031a0bbd951e56a7964f6
  subpackages:
  - config/v1alpha1
- name: k8s.io/kubelet
  version: 63bb2f3a8bebc7916b5a924e41af3316ac9cd01f
  subpackages:
  - config/v1beta1
- name: k8s.io/kubernetes
  version: 0ed33881dc4355495f623c6f22e7dd0b7632b7c0
  subpackages:
  - cmd/kubeadm/app/apis/kubeadm
  - cmd/kubeadm/app/apis/kubeadm/v1alpha1
  - cmd/kubeadm/app/apis/kubeadm/v1alpha2
  - cmd/kubeadm/app/apis/kubeadm/v1alpha3
  - cmd/kubeadm/app/componentconfigs
  - cmd/kubeadm/app/constants
  - cmd/kubeadm/app/util
  - cmd/kubeadm/app/util/pubkeypin
  - pkg/api/events
  - pkg/api/legacyscheme
  - pkg/api/pod
  - pkg/api/ref
  - pkg/api/resource
  - pkg/api/service
  - pkg/api/v1/pod
  - pkg/api/v1/resource
  - pkg/apis/admissionregistration
  - pkg/apis/admissionregistration/install
  - pkg/apis/admissionregistration/v1alpha1
  - pkg/apis/admissionregistration/v1beta1
  - pkg/apis/apps
  - pkg/apis/apps/install
  - pkg/apis/apps/v1
  - pkg/apis/apps/v1beta1
  - pkg/apis/apps/v1beta2
  - pkg/apis/authentication
  - pkg/apis/authentication/install
  - pkg/apis/authentication/v1
  - pkg/apis/authentication/v1beta1
  - pkg/apis/authorization
  - pkg/apis/authorization/install
  - pkg/apis/authorization/v1
  - pkg/apis/authorization/v1beta1
  - pkg/apis/autoscaling
  - pkg/apis/autoscaling/install
  - pkg/apis/autoscaling/v1
  - pkg/apis/autoscaling/v2beta1
  - pkg/apis/autoscaling/v2beta2
  - pkg/apis/batch
  - pkg/apis/batch/install
  - pkg/apis/batch/v1
  - pkg/apis/batch/v1beta1
  - pkg/apis/batch/v2alpha1
  - pkg/apis/certificates
  - pkg/apis/certificates/install
  - pkg/apis/certificates/v1beta1
  - pkg/apis/coordination
  - pkg/apis/coordination/install
  - pkg/apis/coordination/v1beta1
  - pkg/apis/core
  - pkg/apis/core/helper
  - pkg/apis/core/helper/qos
  - pkg/apis/core/install
  - pkg/apis/core/pods
  - pkg/apis/core/v1
  - pkg/apis/core/v1/helper
  - pkg/apis/core/v1/helper/qos
  - pkg/apis/core/validation
  - pkg/apis/events
  - pkg/apis/events/install
  - pkg/apis/events/v1beta1
  - pkg/apis/extensions
  - pkg/apis/extensions/install
  - pkg/apis/extensions/v1beta1
  - pkg/apis/networking
  - pkg/apis/networking/install
  - pkg/apis/networking/v1
  - pkg/apis/policy
  - pkg/apis/policy/install
  - pkg/apis/policy/v1beta1
  - pkg/apis/rbac
  - pkg/apis/rbac/install
  - pkg/apis/rbac/v1
  - pkg/apis/rbac/v1alpha1
  - pkg/apis/rbac/v1beta1
  - pkg/apis/scheduling
  - pkg/apis/scheduling/install
  - pkg/apis/scheduling/v1alpha1
  - pkg/apis/scheduling/v1beta1
  - pkg/apis/settings
  - pkg/apis/settings/install
  - pkg/apis/settings/v1alpha1
  - pkg/apis/storage
  - pkg/apis/storage/install
  - pkg/apis/storage/util
  - pkg/apis/storage/v1
  - pkg/apis/storage/v1alpha1
  - pkg/apis/storage/v1beta1
  - pkg/capabilities
  - pkg/client/clientset_generated/internalclientset
  - pkg/client/clientset_generated/internalclientset/scheme
  - pkg/client/clientset_generated/internalclientset/typed/admissionregistration/internalversion
  - pkg/client/clientset_generated/internalclientset/typed/apps/internalversion
  - pkg/client/clientset_generated/internalclientset/typed/authentication/internalversion
  - pkg/client/clientset_generated/internalclientset/typed/authorization/internalversion
  - pkg/client/clientset_generated/internalclientset/typed/autoscaling/internalversion
  - pkg/client/clientset_generated/internalclientset/typed/batch/internalversion
  - pkg/client/clientset_generated/internalclientset/typed/certificates/internalversion
  - pkg/client/clientset_generated/internalclientset/typed/coordination/internalversion
  - pkg/client/clientset_generated/internalclientset/typed/core/internalversion
  - pkg/client/clientset_generated/internalclientset/typed/events/internalversion
  - pkg/client/clientset_generated/internalclientset/typed/extensions/internalversion
  - pkg/client/clientset_generated/internalclientset/typed/networking/internalversion
  - pkg/client/clientset_generated/internalclientset/typed/policy/internalversion
  - pkg/client/clientset_generated/internalclientset/typed/rbac/internalversion
  - pkg/client/clientset_generated/internalclientset/typed/scheduling/internalversion
  - pkg/client/clientset_generated/internalclientset/typed/settings/internalversion
  - pkg/client/clientset_generated/internalclientset/typed/storage/internalversion
  - pkg/controller
  - pkg/controller/deployment/util
  - pkg/credentialprovider
  - pkg/features
  - pkg/fieldpath
  - pkg/generated
  - pkg/kubectl
  - pkg/kubectl/apply
  - pkg/kubectl/apply/parse
  - pkg/kubectl/apply/strategy
  - pkg/kubectl/apps
  - pkg/kubectl/cmd
  - pkg/kubectl/cmd/auth
  - pkg/kubectl/cmd/config
  - pkg/kubectl/cmd/create
  - pkg/kubectl/cmd/get
  - pkg/kubectl/cmd/rollout
  - pkg/kubectl/cmd/scalejob
  - pkg/kubectl/cmd/set
  - pkg/kubectl/cmd/set/env
  - pkg/kubectl/cmd/templates
  - pkg/kubectl/cmd/util
  - pkg/kubectl/cmd/util/editor
  - pkg/kubectl/cmd/util/editor/crlf
  - pkg/kubectl/cmd/util/openapi
  - pkg/kubectl/cmd/util/openapi/validation
  - pkg/kubectl/cmd/wait
  - pkg/kubectl/explain
  - pkg/kubectl/metricsutil
  - pkg/kubectl/polymorphichelpers
  - pkg/kubectl/proxy
  - pkg/kubectl/scheme
  - pkg/kubectl/util
  - pkg/kubectl/util/hash
  - pkg/kubectl/util/i18n
  - pkg/kubectl/util/slice
  - pkg/kubectl/util/term
  - pkg/kubectl/validation
  - pkg/kubelet/apis
  - pkg/kubelet/apis/config
  - pkg/kubelet/apis/config/scheme
  - pkg/kubelet/apis/config/v1beta1
  - pkg/kubelet/apis/config/validation
  - pkg/kubelet/qos
  - pkg/kubelet/types
  - pkg/master/ports
  - pkg/printers
  - pkg/printers/internalversion
  - pkg/proxy/apis/config
  - pkg/proxy/apis/config/scheme
  - pkg/proxy/apis/config/v1alpha1
  - pkg/proxy/apis/config/validation
  - pkg/registry/core/service/allocator
  - pkg/registry/core/service/ipallocator
  - pkg/registry/rbac/reconciliation
  - pkg/registry/rbac/validation
  - pkg/scheduler/algorithm
  - pkg/scheduler/algorithm/priorities/util
  - pkg/scheduler/api
  - pkg/scheduler/cache
  - pkg/scheduler/util
  - pkg/security/apparmor
  - pkg/serviceaccount
  - pkg/util/file
  - pkg/util/hash
  - pkg/util/interrupt
  - pkg/util/labels
  - pkg/util/net/sets
  - pkg/util/node
  - pkg/util/parsers
  - pkg/util/slice
  - pkg/util/taints
  - pkg/util/version
  - pkg/version
- name: k8s.io/metrics
  version: 8b490d15bb195cf81eee7794949ac36f2fef36ee
  subpackages:
  - pkg/apis/metrics
  - pkg/apis/metrics/v1alpha1
  - pkg/apis/metrics/v1beta1
  - pkg/client/clientset/versioned
  - pkg/client/clientset/versioned/scheme
  - pkg/client/clientset/versioned/typed/metrics/v1alpha1
  - pkg/client/clientset/versioned/typed/metrics/v1beta1
- name: k8s.io/utils
  version: 66066c83e385e385ccc3c964b44fd7dcd413d0ed
  subpackages:
  - clock
  - exec
  - exec/testing
  - pointer
- name: vbom.ml/util
  version: db5cfe13f5cc80a4990d98e2e1b0707a4d1a5394
  subpackages:
  - sortorder
testImports:
- name: github.com/pmezard/go-difflib
  version: d8ed2627bdf02c080bf22230dbb337003b7aba2d
  subpackages:
  - difflib
- name: github.com/stretchr/testify
  version: 69483b4bd14f5845b5a1e55bca19e954e827f1d0
  subpackages:
  - assert
